# This is a Gradle generated file for dependency locking.
# Manual edits can break the build and are not advised.
# This file is expected to be part of source control.
com.fasterxml.jackson.core:jackson-annotations:2.14.1=runtimeClasspath
com.fasterxml.jackson.core:jackson-annotations:2.6.7=compileClasspath
com.fasterxml.jackson.core:jackson-core:2.14.1=runtimeClasspath
com.fasterxml.jackson.core:jackson-core:2.6.7=compileClasspath
com.fasterxml.jackson.core:jackson-databind:2.14.1=runtimeClasspath
com.fasterxml.jackson.core:jackson-databind:2.6.7=compileClasspath
com.fasterxml.jackson.datatype:jackson-datatype-jdk8:2.14.1=runtimeClasspath
com.fasterxml.jackson.datatype:jackson-datatype-jdk8:2.6.7=compileClasspath
com.fasterxml.jackson:jackson-bom:2.14.1=runtimeClasspath
com.github.calorie:embulk-base-restclient:0.10.3=compileClasspath,runtimeClasspath
com.google.code.findbugs:jsr305:3.0.2=compileClasspath,runtimeClasspath
commons-codec:commons-codec:1.15=compileClasspath,runtimeClasspath
commons-logging:commons-logging:1.2=compileClasspath,runtimeClasspath
jakarta.activation:jakarta.activation-api:1.2.2=compileClasspath,runtimeClasspath
jakarta.json.bind:jakarta.json.bind-api:2.0.0=runtimeClasspath
jakarta.json:jakarta.json-api:2.1.1=compileClasspath,runtimeClasspath
jakarta.xml.bind:jakarta.xml.bind-api:2.3.3=compileClasspath,runtimeClasspath
javax.validation:validation-api:1.1.0.Final=compileClasspath,runtimeClasspath
org.apache.httpcomponents.client5:httpclient5:5.1.4=runtimeClasspath
org.apache.httpcomponents.core5:httpcore5-h2:5.1.5=runtimeClasspath
org.apache.httpcomponents.core5:httpcore5:5.1.5=runtimeClasspath
org.apache.httpcomponents:httpasyncclient:4.1.5=compileClasspath,runtimeClasspath
org.apache.httpcomponents:httpclient:4.5.13=compileClasspath,runtimeClasspath
org.apache.httpcomponents:httpcore-nio:4.4.15=compileClasspath,runtimeClasspath
org.apache.httpcomponents:httpcore:4.4.15=compileClasspath,runtimeClasspath
org.eclipse.jetty:jetty-client:9.2.14.v20151106=compileClasspath,runtimeClasspath
org.eclipse.jetty:jetty-http:9.2.14.v20151106=compileClasspath,runtimeClasspath
org.eclipse.jetty:jetty-io:9.2.14.v20151106=compileClasspath,runtimeClasspath
org.eclipse.jetty:jetty-util:9.2.14.v20151106=compileClasspath,runtimeClasspath
org.eclipse.parsson:parsson:1.1.1=compileClasspath,runtimeClasspath
org.eclipse:yasson:2.0.2=runtimeClasspath
org.embulk:embulk-api:0.10.28=compileClasspath
org.embulk:embulk-spi:0.10.28=compileClasspath
org.embulk:embulk-util-config:0.3.2=compileClasspath,runtimeClasspath
org.embulk:embulk-util-json:0.1.1=compileClasspath,runtimeClasspath
org.embulk:embulk-util-retryhelper-jetty92:0.8.2=compileClasspath,runtimeClasspath
org.embulk:embulk-util-retryhelper:0.8.2=compileClasspath,runtimeClasspath
org.embulk:embulk-util-rubytime:0.3.2=runtimeClasspath
org.embulk:embulk-util-timestamp:0.2.1=compileClasspath,runtimeClasspath
org.glassfish:jakarta.json:2.0.0=runtimeClasspath
org.msgpack:msgpack-core:0.8.11=compileClasspath
org.opensearch.client:opensearch-java:2.2.0=compileClasspath,runtimeClasspath
org.opensearch.client:opensearch-rest-client:2.6.0=compileClasspath,runtimeClasspath
org.slf4j:slf4j-api:1.7.25=runtimeClasspath
org.slf4j:slf4j-api:1.7.30=compileClasspath
empty=
